<?xml version="1.0" encoding="utf-8"?>
<Project ToolsVersion="4.0" xmlns="http://schemas.microsoft.com/developer/msbuild/2003">
  <ItemGroup>
    <ClInclude Include="ContentsCore.h">
      <Filter>00_Core</Filter>
    </ClInclude>
    <ClInclude Include="Player.h">
      <Filter>02_Actor\Character</Filter>
    </ClInclude>
    <ClInclude Include="TitleLevel.h">
      <Filter>01_Level\01_Title_Level</Filter>
    </ClInclude>
    <ClInclude Include="IntroLevel.h">
      <Filter>01_Level\03_Intro_Level</Filter>
    </ClInclude>
    <ClInclude Include="SelectPlayerLevel.h">
      <Filter>01_Level\02_Select_Player</Filter>
    </ClInclude>
    <ClInclude Include="LodingLevel.h">
      <Filter>01_Level\00_Global_Level</Filter>
    </ClInclude>
    <ClInclude Include="BackGroundMap.h">
      <Filter>02_Actor\Map\00_Title</Filter>
    </ClInclude>
    <ClInclude Include="IntroStageMap.h">
      <Filter>02_Actor\Map\02_Intro</Filter>
    </ClInclude>
    <ClInclude Include="ContentsGlobalData.h">
      <Filter>00_Core</Filter>
    </ClInclude>
    <ClInclude Include="Buster.h">
      <Filter>02_Actor\Character\X_Buster</Filter>
    </ClInclude>
    <ClInclude Include="HoverGunner.h">
      <Filter>02_Actor\Enemies\03_Cyber_Space</Filter>
    </ClInclude>
    <ClInclude Include="CyberSpaceLevel.h">
      <Filter>01_Level\04_Stages_Level\03_Cyber_Space_Level</Filter>
    </ClInclude>
    <ClInclude Include="CyberPeacock.h">
      <Filter>02_Actor\Bosses\03_Cyber_Peacock</Filter>
    </ClInclude>
    <ClInclude Include="MiruTorearu.h">
      <Filter>02_Actor\Enemies\03_Cyber_Space</Filter>
    </ClInclude>
    <ClInclude Include="SpikeMarl.h">
      <Filter>02_Actor\Enemies\03_Cyber_Space</Filter>
    </ClInclude>
    <ClInclude Include="TriScan.h">
      <Filter>02_Actor\Enemies\03_Cyber_Space</Filter>
    </ClInclude>
    <ClInclude Include="Protecton.h">
      <Filter>02_Actor\Enemies\03_Cyber_Space</Filter>
    </ClInclude>
    <ClInclude Include="CyberSpaceMap.h">
      <Filter>02_Actor\Map\03_Stage\03_Cyber_Space</Filter>
    </ClInclude>
    <ClInclude Include="Egseu.h">
      <Filter>02_Actor\Character</Filter>
    </ClInclude>
  </ItemGroup>
  <ItemGroup>
    <ClCompile Include="ContentsCore.cpp">
      <Filter>00_Core</Filter>
    </ClCompile>
    <ClCompile Include="Player.cpp">
      <Filter>02_Actor\Character</Filter>
    </ClCompile>
    <ClCompile Include="TitleLevel.cpp">
      <Filter>01_Level\01_Title_Level</Filter>
    </ClCompile>
    <ClCompile Include="IntroLevel.cpp">
      <Filter>01_Level\03_Intro_Level</Filter>
    </ClCompile>
    <ClCompile Include="SelectPlayerLevel.cpp">
      <Filter>01_Level\02_Select_Player</Filter>
    </ClCompile>
    <ClCompile Include="LodingLevel.cpp">
      <Filter>01_Level\00_Global_Level</Filter>
    </ClCompile>
    <ClCompile Include="BackGroundMap.cpp">
      <Filter>02_Actor\Map\00_Title</Filter>
    </ClCompile>
    <ClCompile Include="IntroStageMap.cpp">
      <Filter>02_Actor\Map\02_Intro</Filter>
    </ClCompile>
    <ClCompile Include="ContentsGlobalData.cpp">
      <Filter>00_Core</Filter>
    </ClCompile>
    <ClCompile Include="Buster.cpp">
      <Filter>02_Actor\Character\X_Buster</Filter>
    </ClCompile>
    <ClCompile Include="HoverGunner.cpp">
      <Filter>02_Actor\Enemies\03_Cyber_Space</Filter>
    </ClCompile>
    <ClCompile Include="CyberSpaceLevel.cpp">
      <Filter>01_Level\04_Stages_Level\03_Cyber_Space_Level</Filter>
    </ClCompile>
    <ClCompile Include="CyberPeacock.cpp">
      <Filter>02_Actor\Bosses\03_Cyber_Peacock</Filter>
    </ClCompile>
    <ClCompile Include="MiruTorearu.cpp">
      <Filter>02_Actor\Enemies\03_Cyber_Space</Filter>
    </ClCompile>
    <ClCompile Include="SpikeMarl.cpp">
      <Filter>02_Actor\Enemies\03_Cyber_Space</Filter>
    </ClCompile>
    <ClCompile Include="TriScan.cpp">
      <Filter>02_Actor\Enemies\03_Cyber_Space</Filter>
    </ClCompile>
    <ClCompile Include="Protecton.cpp">
      <Filter>02_Actor\Enemies\03_Cyber_Space</Filter>
    </ClCompile>
    <ClCompile Include="CyberSpaceMap.cpp">
      <Filter>02_Actor\Map\03_Stage\03_Cyber_Space</Filter>
    </ClCompile>
    <ClCompile Include="Egseu.cpp">
      <Filter>02_Actor\Character</Filter>
    </ClCompile>
  </ItemGroup>
  <ItemGroup>
    <Filter Include="00_Core">
      <UniqueIdentifier>{df0a9ce0-7996-42fa-b188-31b3b61bbe10}</UniqueIdentifier>
    </Filter>
    <Filter Include="02_Actor">
      <UniqueIdentifier>{e2ec54cb-21cf-4ae8-831a-a98f95f7306c}</UniqueIdentifier>
    </Filter>
    <Filter Include="02_Actor\Character">
      <UniqueIdentifier>{1ad538e0-8060-4a57-ad2e-4ae81969d55d}</UniqueIdentifier>
    </Filter>
    <Filter Include="01_Level">
      <UniqueIdentifier>{f9d21301-ef25-4a1d-ba43-aa18328c030b}</UniqueIdentifier>
    </Filter>
    <Filter Include="02_Actor\Bosses">
      <UniqueIdentifier>{d59e79fd-3bf4-4b78-8b48-84fb01560629}</UniqueIdentifier>
    </Filter>
    <Filter Include="01_Level\02_Select_Player">
      <UniqueIdentifier>{18132db3-2b28-465a-a3f0-749955d9c2bd}</UniqueIdentifier>
    </Filter>
    <Filter Include="02_Actor\Enemies">
      <UniqueIdentifier>{d6209e2c-229d-4654-824c-274ab1d10482}</UniqueIdentifier>
    </Filter>
    <Filter Include="01_Level\lose_Level">
      <UniqueIdentifier>{ab2d35ca-212b-4847-8eb5-5193bafedd24}</UniqueIdentifier>
    </Filter>
    <Filter Include="01_Level\03_Intro_Level">
      <UniqueIdentifier>{08a58ad5-a9c6-4b78-a39b-904e95bb4573}</UniqueIdentifier>
    </Filter>
    <Filter Include="01_Level\01_Title_Level">
      <UniqueIdentifier>{65e48a7b-8692-4c09-9a37-251f36dfe868}</UniqueIdentifier>
    </Filter>
    <Filter Include="01_Level\00_Global_Level">
      <UniqueIdentifier>{976d572d-674d-434c-b114-cfcbc471b582}</UniqueIdentifier>
    </Filter>
    <Filter Include="02_Actor\Map">
      <UniqueIdentifier>{3d3718b8-26b1-491e-ae18-17c6a96c19d8}</UniqueIdentifier>
    </Filter>
    <Filter Include="02_Actor\Map\00_Title">
      <UniqueIdentifier>{9234db09-5550-4042-a469-0d4d46750843}</UniqueIdentifier>
    </Filter>
    <Filter Include="02_Actor\Map\02_Intro">
      <UniqueIdentifier>{8a732002-a0f7-45e5-b091-06d82b68fc83}</UniqueIdentifier>
    </Filter>
    <Filter Include="02_Actor\Character\X_Buster">
      <UniqueIdentifier>{abbb251b-c064-4cd4-9a65-555600527f12}</UniqueIdentifier>
    </Filter>
    <Filter Include="02_Actor\Bosses\03_Cyber_Peacock">
      <UniqueIdentifier>{9ddeb58e-38dd-44ae-9cdb-625396612d92}</UniqueIdentifier>
    </Filter>
    <Filter Include="02_Actor\Enemies\03_Cyber_Space">
      <UniqueIdentifier>{3e1e5666-6cad-45ca-9811-3c8f3521365e}</UniqueIdentifier>
    </Filter>
    <Filter Include="02_Actor\Map\03_Stage">
      <UniqueIdentifier>{fa29dc26-f233-4304-bdab-62995e6481f3}</UniqueIdentifier>
    </Filter>
    <Filter Include="01_Level\04_Stages_Level">
      <UniqueIdentifier>{232f472f-cc61-4d77-a088-07f90275c1ca}</UniqueIdentifier>
    </Filter>
    <Filter Include="01_Level\04_Stages_Level\01_Jungle_Level_X">
      <UniqueIdentifier>{5dfb84df-b360-4f4b-bb23-0ccbdb1a428a}</UniqueIdentifier>
    </Filter>
    <Filter Include="01_Level\04_Stages_Level\02_Bio_Laboratory_Level_X">
      <UniqueIdentifier>{833fac92-29f3-4660-8b75-6ee55210e955}</UniqueIdentifier>
    </Filter>
    <Filter Include="01_Level\04_Stages_Level\04_Air_Force_Level_X">
      <UniqueIdentifier>{25431e84-d3a1-4c0d-8c4f-60a271f5870b}</UniqueIdentifier>
    </Filter>
    <Filter Include="01_Level\04_Stages_Level\05_Volcano_Level_X">
      <UniqueIdentifier>{2ff4e462-7a4d-49e1-a1fa-2e543ad01d60}</UniqueIdentifier>
    </Filter>
    <Filter Include="01_Level\04_Stages_Level\06_Snow_Base_Level_X">
      <UniqueIdentifier>{c7914efa-c95d-4230-b80c-bcba62aea1fe}</UniqueIdentifier>
    </Filter>
    <Filter Include="01_Level\04_Stages_Level\07_Marine_Base_Level_X">
      <UniqueIdentifier>{58718e15-9dc3-4639-a3cf-fe9fd5453e98}</UniqueIdentifier>
    </Filter>
    <Filter Include="01_Level\04_Stages_Level\08_Military_Train_Level_X">
      <UniqueIdentifier>{f7fc1e95-3639-4c5e-bb18-60471496feac}</UniqueIdentifier>
    </Filter>
    <Filter Include="01_Level\04_Stages_Level\00_Stage_Select_Level_X">
      <UniqueIdentifier>{b6643657-dda3-4ee1-882d-469dcdbd7846}</UniqueIdentifier>
    </Filter>
    <Filter Include="01_Level\04_Stages_Level\03_Cyber_Space_Level">
      <UniqueIdentifier>{e22964ff-cb1f-4d80-a924-53b75cdfd5a7}</UniqueIdentifier>
    </Filter>
    <Filter Include="02_Actor\Map\03_Stage\03_Cyber_Space">
      <UniqueIdentifier>{94199daf-dbe6-40c6-9270-6b95a7361d3e}</UniqueIdentifier>
    </Filter>
  </ItemGroup>
</Project>